
Microsoft Visual Studio Solution File, Format Version 12.00
# Visual Studio Version 16
VisualStudioVersion = 16.0.30503.244
MinimumVisualStudioVersion = 10.0.40219.1
Project("{FAE04EC0-301F-11D3-BF4B-00C04F79EFBC}") = "StartMenuCleaner", "StartMenuCleaner\StartMenuCleaner.csproj", "{266889EE-77AE-4F94-AA0B-D1E7BCCE3BD3}"
EndProject
Global
	GlobalSection(SolutionConfigurationPlatforms) = preSolution
		Debug|Any CPU = Debug|Any CPU
		Release|Any CPU = Release|Any CPU
	EndGlobalSection
	GlobalSection(ProjectConfigurationPlatforms) = postSolution
		{266889EE-77AE-4F94-AA0B-D1E7BCCE3BD3}.Debug|Any CPU.ActiveCfg = Debug|Any CPU
		{266889EE-77AE-4F94-AA0B-D1E7BCCE3BD3}.Debug|Any CPU.Build.0 = Debug|Any CPU
		{266889EE-77AE-4F94-AA0B-D1E7BCCE3BD3}.Release|Any CPU.ActiveCfg = Release|Any CPU
		{266889EE-77AE-4F94-AA0B-D1E7BCCE3BD3}.Release|Any CPU.Build.0 = Release|Any CPU
	EndGlobalSection
	GlobalSection(SolutionProperties) = preSolution
		HideSolutionNode = FALSE
	EndGlobalSection
	GlobalSection(ExtensibilityGlobals) = postSolution
		SolutionGuid = {08795AF7-5C02-4AC6-8ACC-172EB5A7349C}
	EndGlobalSection
EndGlobal
